
Microsoft Visual Studio Solution File, Format Version 12.00
# Visual Studio Version 17
VisualStudioVersion = 17.5.002.0
MinimumVisualStudioVersion = 10.0.40219.1
Project("{9A19103F-16F7-4668-BE54-9A1E7A4F7556}") = "Abuelo o hijo", "Abuelo o hijo\Abuelo o hijo.csproj", "{71A3E135-ACB4-4B54-9C04-89C71419827C}"
EndProject
Project("{9A19103F-16F7-4668-BE54-9A1E7A4F7556}") = "Multiplo de 6", "Multiplo de 6\Multiplo de 6.csproj", "{EFB74EB6-BBD1-496E-B8C8-42FD5A126B7A}"
EndProject
Project("{9A19103F-16F7-4668-BE54-9A1E7A4F7556}") = "Multiplo de otro", "Multiplo de otro\Multiplo de otro.csproj", "{F65C79A3-1510-487D-B4A9-EB1BA5E3630F}"
EndProject
Project("{9A19103F-16F7-4668-BE54-9A1E7A4F7556}") = "Parte 5", "Numero mayor\Parte 5.csproj", "{F267A238-9855-4056-9C77-5E40719F1277}"
EndProject
Project("{9A19103F-16F7-4668-BE54-9A1E7A4F7556}") = "Parte 4", "Numeros iguales\Parte 4.csproj", "{D31EB4BB-6AE4-4BCD-9DE9-28E8A33EBA7E}"
EndProject
Project("{9A19103F-16F7-4668-BE54-9A1E7A4F7556}") = "Orden ascendente", "Orden ascendente\Orden ascendente.csproj", "{14FA5E0D-1C4C-4D03-B604-03F30C0BF1A1}"
EndProject
Project("{9A19103F-16F7-4668-BE54-9A1E7A4F7556}") = "Parte 1", "Par o impar Pro\Parte 1.csproj", "{99BCBF34-833B-41FD-BDE8-4342436C5E2A}"
EndProject
Project("{9A19103F-16F7-4668-BE54-9A1E7A4F7556}") = "Parte 2", "Positivo o negativo\Parte 2.csproj", "{39EF33FA-A058-411A-8A42-3435763860C5}"
EndProject
Project("{9A19103F-16F7-4668-BE54-9A1E7A4F7556}") = "Primero igual al último", "Primero igual al último\Primero igual al último.csproj", "{7CB2A95A-A363-412A-9CEA-093CA0129030}"
EndProject
Project("{9A19103F-16F7-4668-BE54-9A1E7A4F7556}") = "Suma de los dígitos", "Suma de los dígitos\Suma de los dígitos.csproj", "{C2922677-77C5-4EC7-88C7-03576332C2B8}"
EndProject
Project("{9A19103F-16F7-4668-BE54-9A1E7A4F7556}") = "Parte 6", "Suma par o impar\Parte 6.csproj", "{D18B961F-FB28-43E7-9F82-27AE6928EE91}"
EndProject
Project("{9A19103F-16F7-4668-BE54-9A1E7A4F7556}") = "Suma de tres números", "Validar entradas\Suma de tres números.csproj", "{6B132495-BC95-4443-B361-630808EA67B5}"
EndProject
Global
	GlobalSection(SolutionConfigurationPlatforms) = preSolution
		Debug|Any CPU = Debug|Any CPU
		Release|Any CPU = Release|Any CPU
	EndGlobalSection
	GlobalSection(ProjectConfigurationPlatforms) = postSolution
		{71A3E135-ACB4-4B54-9C04-89C71419827C}.Debug|Any CPU.ActiveCfg = Debug|Any CPU
		{71A3E135-ACB4-4B54-9C04-89C71419827C}.Debug|Any CPU.Build.0 = Debug|Any CPU
		{71A3E135-ACB4-4B54-9C04-89C71419827C}.Release|Any CPU.ActiveCfg = Release|Any CPU
		{71A3E135-ACB4-4B54-9C04-89C71419827C}.Release|Any CPU.Build.0 = Release|Any CPU
		{EFB74EB6-BBD1-496E-B8C8-42FD5A126B7A}.Debug|Any CPU.ActiveCfg = Debug|Any CPU
		{EFB74EB6-BBD1-496E-B8C8-42FD5A126B7A}.Debug|Any CPU.Build.0 = Debug|Any CPU
		{EFB74EB6-BBD1-496E-B8C8-42FD5A126B7A}.Release|Any CPU.ActiveCfg = Release|Any CPU
		{EFB74EB6-BBD1-496E-B8C8-42FD5A126B7A}.Release|Any CPU.Build.0 = Release|Any CPU
		{F65C79A3-1510-487D-B4A9-EB1BA5E3630F}.Debug|Any CPU.ActiveCfg = Debug|Any CPU
		{F65C79A3-1510-487D-B4A9-EB1BA5E3630F}.Debug|Any CPU.Build.0 = Debug|Any CPU
		{F65C79A3-1510-487D-B4A9-EB1BA5E3630F}.Release|Any CPU.ActiveCfg = Release|Any CPU
		{F65C79A3-1510-487D-B4A9-EB1BA5E3630F}.Release|Any CPU.Build.0 = Release|Any CPU
		{F267A238-9855-4056-9C77-5E40719F1277}.Debug|Any CPU.ActiveCfg = Debug|Any CPU
		{F267A238-9855-4056-9C77-5E40719F1277}.Debug|Any CPU.Build.0 = Debug|Any CPU
		{F267A238-9855-4056-9C77-5E40719F1277}.Release|Any CPU.ActiveCfg = Release|Any CPU
		{F267A238-9855-4056-9C77-5E40719F1277}.Release|Any CPU.Build.0 = Release|Any CPU
		{D31EB4BB-6AE4-4BCD-9DE9-28E8A33EBA7E}.Debug|Any CPU.ActiveCfg = Debug|Any CPU
		{D31EB4BB-6AE4-4BCD-9DE9-28E8A33EBA7E}.Debug|Any CPU.Build.0 = Debug|Any CPU
		{D31EB4BB-6AE4-4BCD-9DE9-28E8A33EBA7E}.Release|Any CPU.ActiveCfg = Release|Any CPU
		{D31EB4BB-6AE4-4BCD-9DE9-28E8A33EBA7E}.Release|Any CPU.Build.0 = Release|Any CPU
		{14FA5E0D-1C4C-4D03-B604-03F30C0BF1A1}.Debug|Any CPU.ActiveCfg = Debug|Any CPU
		{14FA5E0D-1C4C-4D03-B604-03F30C0BF1A1}.Debug|Any CPU.Build.0 = Debug|Any CPU
		{14FA5E0D-1C4C-4D03-B604-03F30C0BF1A1}.Release|Any CPU.ActiveCfg = Release|Any CPU
		{14FA5E0D-1C4C-4D03-B604-03F30C0BF1A1}.Release|Any CPU.Build.0 = Release|Any CPU
		{99BCBF34-833B-41FD-BDE8-4342436C5E2A}.Debug|Any CPU.ActiveCfg = Debug|Any CPU
		{99BCBF34-833B-41FD-BDE8-4342436C5E2A}.Debug|Any CPU.Build.0 = Debug|Any CPU
		{99BCBF34-833B-41FD-BDE8-4342436C5E2A}.Release|Any CPU.ActiveCfg = Release|Any CPU
		{99BCBF34-833B-41FD-BDE8-4342436C5E2A}.Release|Any CPU.Build.0 = Release|Any CPU
		{39EF33FA-A058-411A-8A42-3435763860C5}.Debug|Any CPU.ActiveCfg = Debug|Any CPU
		{39EF33FA-A058-411A-8A42-3435763860C5}.Debug|Any CPU.Build.0 = Debug|Any CPU
		{39EF33FA-A058-411A-8A42-3435763860C5}.Release|Any CPU.ActiveCfg = Release|Any CPU
		{39EF33FA-A058-411A-8A42-3435763860C5}.Release|Any CPU.Build.0 = Release|Any CPU
		{7CB2A95A-A363-412A-9CEA-093CA0129030}.Debug|Any CPU.ActiveCfg = Debug|Any CPU
		{7CB2A95A-A363-412A-9CEA-093CA0129030}.Debug|Any CPU.Build.0 = Debug|Any CPU
		{7CB2A95A-A363-412A-9CEA-093CA0129030}.Release|Any CPU.ActiveCfg = Release|Any CPU
		{7CB2A95A-A363-412A-9CEA-093CA0129030}.Release|Any CPU.Build.0 = Release|Any CPU
		{C2922677-77C5-4EC7-88C7-03576332C2B8}.Debug|Any CPU.ActiveCfg = Debug|Any CPU
		{C2922677-77C5-4EC7-88C7-03576332C2B8}.Debug|Any CPU.Build.0 = Debug|Any CPU
		{C2922677-77C5-4EC7-88C7-03576332C2B8}.Release|Any CPU.ActiveCfg = Release|Any CPU
		{C2922677-77C5-4EC7-88C7-03576332C2B8}.Release|Any CPU.Build.0 = Release|Any CPU
		{D18B961F-FB28-43E7-9F82-27AE6928EE91}.Debug|Any CPU.ActiveCfg = Debug|Any CPU
		{D18B961F-FB28-43E7-9F82-27AE6928EE91}.Debug|Any CPU.Build.0 = Debug|Any CPU
		{D18B961F-FB28-43E7-9F82-27AE6928EE91}.Release|Any CPU.ActiveCfg = Release|Any CPU
		{D18B961F-FB28-43E7-9F82-27AE6928EE91}.Release|Any CPU.Build.0 = Release|Any CPU
		{6B132495-BC95-4443-B361-630808EA67B5}.Debug|Any CPU.ActiveCfg = Debug|Any CPU
		{6B132495-BC95-4443-B361-630808EA67B5}.Debug|Any CPU.Build.0 = Debug|Any CPU
		{6B132495-BC95-4443-B361-630808EA67B5}.Release|Any CPU.ActiveCfg = Release|Any CPU
		{6B132495-BC95-4443-B361-630808EA67B5}.Release|Any CPU.Build.0 = Release|Any CPU
	EndGlobalSection
	GlobalSection(SolutionProperties) = preSolution
		HideSolutionNode = FALSE
	EndGlobalSection
	GlobalSection(ExtensibilityGlobals) = postSolution
		SolutionGuid = {C8A3817D-985F-489E-8765-DAE15D26B882}
	EndGlobalSection
EndGlobal
