
Microsoft Visual Studio Solution File, Format Version 12.00
# Visual Studio Version 17
VisualStudioVersion = 17.3.32929.385
MinimumVisualStudioVersion = 10.0.40219.1
Project("{FAE04EC0-301F-11D3-BF4B-00C04F79EFBC}") = "random", "random.csproj", "{7957D2F0-0706-494A-A5C0-D071585D3B00}"
EndProject
Global
	GlobalSection(SolutionConfigurationPlatforms) = preSolution
		Debug|Any CPU = Debug|Any CPU
		Release|Any CPU = Release|Any CPU
	EndGlobalSection
	GlobalSection(ProjectConfigurationPlatforms) = postSolution
		{7957D2F0-0706-494A-A5C0-D071585D3B00}.Debug|Any CPU.ActiveCfg = Debug|Any CPU
		{7957D2F0-0706-494A-A5C0-D071585D3B00}.Debug|Any CPU.Build.0 = Debug|Any CPU
		{7957D2F0-0706-494A-A5C0-D071585D3B00}.Release|Any CPU.ActiveCfg = Release|Any CPU
		{7957D2F0-0706-494A-A5C0-D071585D3B00}.Release|Any CPU.Build.0 = Release|Any CPU
	EndGlobalSection
	GlobalSection(SolutionProperties) = preSolution
		HideSolutionNode = FALSE
	EndGlobalSection
	GlobalSection(ExtensibilityGlobals) = postSolution
		SolutionGuid = {55FF72BD-2B05-4873-B072-BCE500B10202}
	EndGlobalSection
EndGlobal
